
Microsoft Visual Studio Solution File, Format Version 12.00
# Visual Studio Version 17
VisualStudioVersion = 17.6.33626.354
MinimumVisualStudioVersion = 10.0.40219.1
Project("{9A19103F-16F7-4668-BE54-9A1E7A4F7556}") = "TylorTrubPortfolio", "TylorPortfolio\TylorTrubPortfolio.csproj", "{2CEDF8C4-F32A-4CA9-9217-1D825C084A04}"
EndProject
Project("{9A19103F-16F7-4668-BE54-9A1E7A4F7556}") = "TylorTrubPortfolio.DataAccess", "TylorPortfolio.DataAccess\TylorTrubPortfolio.DataAccess.csproj", "{DC1022D8-C23A-4C0F-B82F-4D649B7D179C}"
EndProject
Project("{9A19103F-16F7-4668-BE54-9A1E7A4F7556}") = "TylorTrubPortfolio.Models", "TylorPortfolio.Models\TylorTrubPortfolio.Models.csproj", "{4ED8A550-FDE2-4323-AEFD-A3C662A50EB8}"
EndProject
Project("{9A19103F-16F7-4668-BE54-9A1E7A4F7556}") = "TylorTrubPortfolio.Utility", "TylorPortfolio.Utility\TylorTrubPortfolio.Utility.csproj", "{508D07F4-028D-4816-90E2-B0D31943D895}"
EndProject
Global
	GlobalSection(SolutionConfigurationPlatforms) = preSolution
		Debug|Any CPU = Debug|Any CPU
		Release|Any CPU = Release|Any CPU
	EndGlobalSection
	GlobalSection(ProjectConfigurationPlatforms) = postSolution
		{2CEDF8C4-F32A-4CA9-9217-1D825C084A04}.Debug|Any CPU.ActiveCfg = Debug|Any CPU
		{2CEDF8C4-F32A-4CA9-9217-1D825C084A04}.Debug|Any CPU.Build.0 = Debug|Any CPU
		{2CEDF8C4-F32A-4CA9-9217-1D825C084A04}.Release|Any CPU.ActiveCfg = Release|Any CPU
		{2CEDF8C4-F32A-4CA9-9217-1D825C084A04}.Release|Any CPU.Build.0 = Release|Any CPU
		{DC1022D8-C23A-4C0F-B82F-4D649B7D179C}.Debug|Any CPU.ActiveCfg = Debug|Any CPU
		{DC1022D8-C23A-4C0F-B82F-4D649B7D179C}.Debug|Any CPU.Build.0 = Debug|Any CPU
		{DC1022D8-C23A-4C0F-B82F-4D649B7D179C}.Release|Any CPU.ActiveCfg = Release|Any CPU
		{DC1022D8-C23A-4C0F-B82F-4D649B7D179C}.Release|Any CPU.Build.0 = Release|Any CPU
		{4ED8A550-FDE2-4323-AEFD-A3C662A50EB8}.Debug|Any CPU.ActiveCfg = Debug|Any CPU
		{4ED8A550-FDE2-4323-AEFD-A3C662A50EB8}.Debug|Any CPU.Build.0 = Debug|Any CPU
		{4ED8A550-FDE2-4323-AEFD-A3C662A50EB8}.Release|Any CPU.ActiveCfg = Release|Any CPU
		{4ED8A550-FDE2-4323-AEFD-A3C662A50EB8}.Release|Any CPU.Build.0 = Release|Any CPU
		{508D07F4-028D-4816-90E2-B0D31943D895}.Debug|Any CPU.ActiveCfg = Debug|Any CPU
		{508D07F4-028D-4816-90E2-B0D31943D895}.Debug|Any CPU.Build.0 = Debug|Any CPU
		{508D07F4-028D-4816-90E2-B0D31943D895}.Release|Any CPU.ActiveCfg = Release|Any CPU
		{508D07F4-028D-4816-90E2-B0D31943D895}.Release|Any CPU.Build.0 = Release|Any CPU
	EndGlobalSection
	GlobalSection(SolutionProperties) = preSolution
		HideSolutionNode = FALSE
	EndGlobalSection
	GlobalSection(ExtensibilityGlobals) = postSolution
		SolutionGuid = {D1ECBD85-4CE3-460F-82FA-58320B217065}
	EndGlobalSection
EndGlobal
